github.com/paulgureghian/Go_Programs v0.0.0-20210308004330-47fba0212235 h1:iX8aI/s2eNHgpnUt+WLLNAAiv88SEWW+Yt3fXlvJELk=
github.com/paulgureghian/Go_Programs/Go_in_Docker v0.0.0-20210308004330-47fba0212235 h1:V3GWzH6dUyZj/+9hDB30GRYG2wPDHyGzkuRqrWAxGsw=
github.com/paulgureghian/Go_Programs/Go_in_Docker v0.0.0-20210308004330-47fba0212235/go.mod h1:d5QoDDRObhFR8n0nQM53EHzjkCMX0zFrTse+iUsnSj4=
